{
  "name": "@clevercanyon/micromatch.fork",
  "version": "4.0.7",
  "lockfileVersion": 2,
  "requires": true,
  "packages": {
    "": {
      "name": "@clevercanyon/micromatch.fork",
      "version": "4.0.7",
      "license": "MIT",
      "dependencies": {
        "braces": "npm:@clevercanyon/braces.fork@^3.0.2",
        "picomatch": "npm:@clevercanyon/picomatch.fork@^2.3.1"
      },
      "devDependencies": {},
      "funding": {
        "url": "https://github.com/sponsors/clevercanyon"
      }
    },
    "node_modules/braces": {
      "name": "@clevercanyon/braces.fork",
      "version": "3.0.3",
      "resolved": "https://npm.pkg.github.com/download/@clevercanyon/braces.fork/3.0.3/1118ac82751d4035efa81ce453a947abe52833b1",
      "integrity": "sha512-KVvtTLfZTs0q0+eELOA9T3DKVCnqzoi3UTFs7TxJqYLwlyI4hSTZU1npsUiGZvpAYq2XVncAU01AZDZuWB1GnQ==",
      "license": "MIT",
      "dependencies": {
        "fill-range": "npm:@clevercanyon/fill-range.fork@^7.0.1"
      }
    },
    "node_modules/fill-range": {
      "name": "@clevercanyon/fill-range.fork",
      "version": "7.0.2",
      "resolved": "https://npm.pkg.github.com/download/@clevercanyon/fill-range.fork/7.0.2/c945655a063daa88073cff5295249b5255a07018",
      "integrity": "sha512-qVj6PsHRrWKVb4S86zDa/KAm9hhwjSJYs2ytFdr8nnOGD8+E09uunb3TyC2Mys62mr28Czg3zm1KlLPOtbSTdg==",
      "license": "MIT",
      "dependencies": {
        "to-regex-range": "npm:@clevercanyon/to-regex-range.fork@^5.0.1"
      }
    },
    "node_modules/is-number": {
      "name": "@clevercanyon/is-number.fork",
      "version": "7.0.1",
      "resolved": "https://npm.pkg.github.com/download/@clevercanyon/is-number.fork/7.0.1/d0bb3f60beb9420b0fc294ac8992125e19813d60",
      "integrity": "sha512-4CpzWCpAg0lKeTtIQKJPVO12XJhZeqLtMfgzBEt31CtXufkW+yOrON2rQbREzwIiA5RzTRDD5MINtBmthgmwUQ==",
      "license": "MIT"
    },
    "node_modules/picomatch": {
      "name": "@clevercanyon/picomatch.fork",
      "version": "2.3.2",
      "resolved": "https://npm.pkg.github.com/download/@clevercanyon/picomatch.fork/2.3.2/9523c264ad8065465f4933fa2edcb9ac2aee466c",
      "integrity": "sha512-JJOJDO/OgRr7fkggXhg3xI0y/MkWHMwwcBh1MyjrlgK+DhdtNEyEe1xil/x0NuJo1J7JSfm8UNg+/s05zG7Ocg==",
      "license": "MIT"
    },
    "node_modules/to-regex-range": {
      "name": "@clevercanyon/to-regex-range.fork",
      "version": "5.0.2",
      "resolved": "https://npm.pkg.github.com/download/@clevercanyon/to-regex-range.fork/5.0.2/88366e7f9a792821189ae8c4b29c514022914efc",
      "integrity": "sha512-E8NU3YUGwMXWDBeDkTWGbx7CcE3sXuD02kwv0MasbWPt3rpkZP9i2r5bSd84+9h0uLZFIDn3OLMinFpf5XpaYA==",
      "license": "MIT",
      "dependencies": {
        "is-number": "npm:@clevercanyon/is-number.fork@^7.0.0"
      }
    }
  },
  "dependencies": {
    "braces": {
      "version": "npm:@clevercanyon/braces.fork@3.0.3",
      "resolved": "https://npm.pkg.github.com/download/@clevercanyon/braces.fork/3.0.3/1118ac82751d4035efa81ce453a947abe52833b1",
      "integrity": "sha512-KVvtTLfZTs0q0+eELOA9T3DKVCnqzoi3UTFs7TxJqYLwlyI4hSTZU1npsUiGZvpAYq2XVncAU01AZDZuWB1GnQ==",
      "requires": {
        "fill-range": "npm:@clevercanyon/fill-range.fork@^7.0.1"
      }
    },
    "fill-range": {
      "version": "npm:@clevercanyon/fill-range.fork@7.0.2",
      "resolved": "https://npm.pkg.github.com/download/@clevercanyon/fill-range.fork/7.0.2/c945655a063daa88073cff5295249b5255a07018",
      "integrity": "sha512-qVj6PsHRrWKVb4S86zDa/KAm9hhwjSJYs2ytFdr8nnOGD8+E09uunb3TyC2Mys62mr28Czg3zm1KlLPOtbSTdg==",
      "requires": {
        "to-regex-range": "npm:@clevercanyon/to-regex-range.fork@^5.0.1"
      }
    },
    "is-number": {
      "version": "npm:@clevercanyon/is-number.fork@7.0.1",
      "resolved": "https://npm.pkg.github.com/download/@clevercanyon/is-number.fork/7.0.1/d0bb3f60beb9420b0fc294ac8992125e19813d60",
      "integrity": "sha512-4CpzWCpAg0lKeTtIQKJPVO12XJhZeqLtMfgzBEt31CtXufkW+yOrON2rQbREzwIiA5RzTRDD5MINtBmthgmwUQ=="
    },
    "picomatch": {
      "version": "npm:@clevercanyon/picomatch.fork@2.3.2",
      "resolved": "https://npm.pkg.github.com/download/@clevercanyon/picomatch.fork/2.3.2/9523c264ad8065465f4933fa2edcb9ac2aee466c",
      "integrity": "sha512-JJOJDO/OgRr7fkggXhg3xI0y/MkWHMwwcBh1MyjrlgK+DhdtNEyEe1xil/x0NuJo1J7JSfm8UNg+/s05zG7Ocg=="
    },
    "to-regex-range": {
      "version": "npm:@clevercanyon/to-regex-range.fork@5.0.2",
      "resolved": "https://npm.pkg.github.com/download/@clevercanyon/to-regex-range.fork/5.0.2/88366e7f9a792821189ae8c4b29c514022914efc",
      "integrity": "sha512-E8NU3YUGwMXWDBeDkTWGbx7CcE3sXuD02kwv0MasbWPt3rpkZP9i2r5bSd84+9h0uLZFIDn3OLMinFpf5XpaYA==",
      "requires": {
        "is-number": "npm:@clevercanyon/is-number.fork@^7.0.0"
      }
    }
  }
}
