{
  "name": "@clevercanyon/micromatch.fork",
  "version": "4.0.9",
  "lockfileVersion": 2,
  "requires": true,
  "packages": {
    "": {
      "name": "@clevercanyon/micromatch.fork",
      "version": "4.0.9",
      "license": "MIT",
      "dependencies": {
        "braces": "npm:@clevercanyon/braces.fork@^3.0.2",
        "picomatch": "npm:@clevercanyon/picomatch.fork@^2.3.1"
      },
      "devDependencies": {},
      "funding": {
        "url": "https://github.com/sponsors/clevercanyon"
      }
    },
    "node_modules/braces": {
      "name": "@clevercanyon/braces.fork",
      "version": "3.0.5",
      "resolved": "https://registry.npmjs.org/@clevercanyon/braces.fork/-/braces.fork-3.0.5.tgz",
      "integrity": "sha512-/N7+JB/nvK/To5ScJsOkIG0gi+lG1xo36R7nwfkRq/lKYHsaf69dP+lGlqHAlxVnR7+VE2nKPEOqggpP4SZ8fQ==",
      "dependencies": {
        "fill-range": "npm:@clevercanyon/fill-range.fork@^7.0.1"
      },
      "funding": {
        "url": "https://github.com/sponsors/clevercanyon"
      }
    },
    "node_modules/fill-range": {
      "name": "@clevercanyon/fill-range.fork",
      "version": "7.0.4",
      "resolved": "https://registry.npmjs.org/@clevercanyon/fill-range.fork/-/fill-range.fork-7.0.4.tgz",
      "integrity": "sha512-hWJwww800KBwAlDqXr369NaMSVDEaoT2BRQH9/gYARQ7HonGPy7c9ZJqv9T77KptfIZxEQRjowE3KZzT3BmaUw==",
      "dependencies": {
        "to-regex-range": "npm:@clevercanyon/to-regex-range.fork@^5.0.1"
      },
      "funding": {
        "url": "https://github.com/sponsors/clevercanyon"
      }
    },
    "node_modules/is-number": {
      "name": "@clevercanyon/is-number.fork",
      "version": "7.0.3",
      "resolved": "https://registry.npmjs.org/@clevercanyon/is-number.fork/-/is-number.fork-7.0.3.tgz",
      "integrity": "sha512-yJvJsQ0NoXanWsAhZ/huqm3p0OtN4AmgilDXxzTSquHoydFG4oIyjMCmeBQsbp9G2/ah25Xvl1BzxO/luRlGjw==",
      "funding": {
        "url": "https://github.com/sponsors/clevercanyon"
      }
    },
    "node_modules/picomatch": {
      "name": "@clevercanyon/picomatch.fork",
      "version": "2.3.4",
      "resolved": "https://registry.npmjs.org/@clevercanyon/picomatch.fork/-/picomatch.fork-2.3.4.tgz",
      "integrity": "sha512-kxWR0OyOp9EOHsSO5NdeM0UvDrVgXMePi+GlaLVOBepa9VUoOLGSsNny72vhaJF7jXpssFZygMpqcB8g/oVgJA==",
      "funding": {
        "url": "https://github.com/sponsors/clevercanyon"
      }
    },
    "node_modules/to-regex-range": {
      "name": "@clevercanyon/to-regex-range.fork",
      "version": "5.0.4",
      "resolved": "https://registry.npmjs.org/@clevercanyon/to-regex-range.fork/-/to-regex-range.fork-5.0.4.tgz",
      "integrity": "sha512-+bRkt1KKRrVJHPWfxQCIGvJpaLTRQrpQQ77CQXw2sKff4JofxLEx6UxmjEE9rzjjjTF9SoUllsP6vuoTz3ztfw==",
      "dependencies": {
        "is-number": "npm:@clevercanyon/is-number.fork@^7.0.0"
      },
      "funding": {
        "url": "https://github.com/sponsors/clevercanyon"
      }
    }
  },
  "dependencies": {
    "braces": {
      "version": "npm:@clevercanyon/braces.fork@3.0.5",
      "resolved": "https://registry.npmjs.org/@clevercanyon/braces.fork/-/braces.fork-3.0.5.tgz",
      "integrity": "sha512-/N7+JB/nvK/To5ScJsOkIG0gi+lG1xo36R7nwfkRq/lKYHsaf69dP+lGlqHAlxVnR7+VE2nKPEOqggpP4SZ8fQ==",
      "requires": {
        "fill-range": "npm:@clevercanyon/fill-range.fork@^7.0.1"
      }
    },
    "fill-range": {
      "version": "npm:@clevercanyon/fill-range.fork@7.0.4",
      "resolved": "https://registry.npmjs.org/@clevercanyon/fill-range.fork/-/fill-range.fork-7.0.4.tgz",
      "integrity": "sha512-hWJwww800KBwAlDqXr369NaMSVDEaoT2BRQH9/gYARQ7HonGPy7c9ZJqv9T77KptfIZxEQRjowE3KZzT3BmaUw==",
      "requires": {
        "to-regex-range": "npm:@clevercanyon/to-regex-range.fork@^5.0.1"
      }
    },
    "is-number": {
      "version": "npm:@clevercanyon/is-number.fork@7.0.3",
      "resolved": "https://registry.npmjs.org/@clevercanyon/is-number.fork/-/is-number.fork-7.0.3.tgz",
      "integrity": "sha512-yJvJsQ0NoXanWsAhZ/huqm3p0OtN4AmgilDXxzTSquHoydFG4oIyjMCmeBQsbp9G2/ah25Xvl1BzxO/luRlGjw=="
    },
    "picomatch": {
      "version": "npm:@clevercanyon/picomatch.fork@2.3.4",
      "resolved": "https://registry.npmjs.org/@clevercanyon/picomatch.fork/-/picomatch.fork-2.3.4.tgz",
      "integrity": "sha512-kxWR0OyOp9EOHsSO5NdeM0UvDrVgXMePi+GlaLVOBepa9VUoOLGSsNny72vhaJF7jXpssFZygMpqcB8g/oVgJA=="
    },
    "to-regex-range": {
      "version": "npm:@clevercanyon/to-regex-range.fork@5.0.4",
      "resolved": "https://registry.npmjs.org/@clevercanyon/to-regex-range.fork/-/to-regex-range.fork-5.0.4.tgz",
      "integrity": "sha512-+bRkt1KKRrVJHPWfxQCIGvJpaLTRQrpQQ77CQXw2sKff4JofxLEx6UxmjEE9rzjjjTF9SoUllsP6vuoTz3ztfw==",
      "requires": {
        "is-number": "npm:@clevercanyon/is-number.fork@^7.0.0"
      }
    }
  }
}
